// !$*UTF8*$!
{
	archiveVersion = 1;
	classes = {
	};
	objectVersion = 46;
	objects = {

/* Begin PBXBuildFile section */
		5E23601B1E1BCF4800C68F86 /* main.m in Sources */ = {isa = PBXBuildFile; fileRef = 5E23601A1E1BCF4800C68F86 /* main.m */; };
		5E23601E1E1BCF4800C68F86 /* SAPAppDelegate.m in Sources */ = {isa = PBXBuildFile; fileRef = 5E23601D1E1BCF4800C68F86 /* SAPAppDelegate.m */; };
		5E2360261E1BCF4800C68F86 /* Assets.xcassets in Resources */ = {isa = PBXBuildFile; fileRef = 5E2360251E1BCF4800C68F86 /* Assets.xcassets */; };
		5E2360291E1BCF4800C68F86 /* LaunchScreen.storyboard in Resources */ = {isa = PBXBuildFile; fileRef = 5E2360271E1BCF4800C68F86 /* LaunchScreen.storyboard */; };
		5E2360391E1BD26200C68F86 /* UIWindow+SAPExtensions.m in Sources */ = {isa = PBXBuildFile; fileRef = 5E2360381E1BD26200C68F86 /* UIWindow+SAPExtensions.m */; };
		5E2360431E1BD3DE00C68F86 /* SAPChaptersViewController.m in Sources */ = {isa = PBXBuildFile; fileRef = 5E2360411E1BD3DE00C68F86 /* SAPChaptersViewController.m */; };
		5E2360441E1BD3DE00C68F86 /* SAPChaptersViewController.xib in Resources */ = {isa = PBXBuildFile; fileRef = 5E2360421E1BD3DE00C68F86 /* SAPChaptersViewController.xib */; };
		5E2360461E1BDC5200C68F86 /* GoogleService-Info.plist in Resources */ = {isa = PBXBuildFile; fileRef = 5E2360451E1BDC5200C68F86 /* GoogleService-Info.plist */; };
		5E4A2EA71E1CD23200401B62 /* SAPChapterViewController.m in Sources */ = {isa = PBXBuildFile; fileRef = 5E4A2EA51E1CD23200401B62 /* SAPChapterViewController.m */; };
		5E4A2EA81E1CD23200401B62 /* SAPChapterViewController.xib in Resources */ = {isa = PBXBuildFile; fileRef = 5E4A2EA61E1CD23200401B62 /* SAPChapterViewController.xib */; };
		5E4A2EAC1E1CD2D500401B62 /* SAPChapter.m in Sources */ = {isa = PBXBuildFile; fileRef = 5E4A2EAB1E1CD2D500401B62 /* SAPChapter.m */; };
		5E4A2EAF1E1CD8F400401B62 /* SAPChapterView.m in Sources */ = {isa = PBXBuildFile; fileRef = 5E4A2EAE1E1CD8F400401B62 /* SAPChapterView.m */; };
		5E4A2EB51E1CEDE000401B62 /* SAPChapterCell.m in Sources */ = {isa = PBXBuildFile; fileRef = 5E4A2EB31E1CEDE000401B62 /* SAPChapterCell.m */; };
		5E4A2EB61E1CEDE000401B62 /* SAPChapterCell.xib in Resources */ = {isa = PBXBuildFile; fileRef = 5E4A2EB41E1CEDE000401B62 /* SAPChapterCell.xib */; };
		5E4A2EBA1E1CF43100401B62 /* UINib+SAPExtensions.m in Sources */ = {isa = PBXBuildFile; fileRef = 5E4A2EB91E1CF43100401B62 /* UINib+SAPExtensions.m */; };
		5E4A2EC41E1CF46F00401B62 /* SAPTableViewCell.m in Sources */ = {isa = PBXBuildFile; fileRef = 5E4A2EC31E1CF46F00401B62 /* SAPTableViewCell.m */; };
		ADA2B0F2641DB720CF7AF0CD /* libPods-TestFirebase.a in Frameworks */ = {isa = PBXBuildFile; fileRef = 2D6E7E2A5110C5B151CDB460 /* libPods-TestFirebase.a */; };
/* End PBXBuildFile section */

/* Begin PBXFileReference section */
		2D6E7E2A5110C5B151CDB460 /* libPods-TestFirebase.a */ = {isa = PBXFileReference; explicitFileType = archive.ar; includeInIndex = 0; path = "libPods-TestFirebase.a"; sourceTree = BUILT_PRODUCTS_DIR; };
		5E2360161E1BCF4800C68F86 /* TestFirebase.app */ = {isa = PBXFileReference; explicitFileType = wrapper.application; includeInIndex = 0; path = TestFirebase.app; sourceTree = BUILT_PRODUCTS_DIR; };
		5E23601A1E1BCF4800C68F86 /* main.m */ = {isa = PBXFileReference; lastKnownFileType = sourcecode.c.objc; path = main.m; sourceTree = "<group>"; };
		5E23601C1E1BCF4800C68F86 /* SAPAppDelegate.h */ = {isa = PBXFileReference; lastKnownFileType = sourcecode.c.h; path = SAPAppDelegate.h; sourceTree = "<group>"; };
		5E23601D1E1BCF4800C68F86 /* SAPAppDelegate.m */ = {isa = PBXFileReference; lastKnownFileType = sourcecode.c.objc; path = SAPAppDelegate.m; sourceTree = "<group>"; };
		5E2360251E1BCF4800C68F86 /* Assets.xcassets */ = {isa = PBXFileReference; lastKnownFileType = folder.assetcatalog; name = Assets.xcassets; path = ../TestFirebase/Assets.xcassets; sourceTree = "<group>"; };
		5E2360281E1BCF4800C68F86 /* Base */ = {isa = PBXFileReference; lastKnownFileType = file.storyboard; name = Base; path = Base.lproj/LaunchScreen.storyboard; sourceTree = "<group>"; };
		5E23602A1E1BCF4800C68F86 /* Info.plist */ = {isa = PBXFileReference; lastKnownFileType = text.plist.xml; path = Info.plist; sourceTree = "<group>"; };
		5E2360371E1BD26200C68F86 /* UIWindow+SAPExtensions.h */ = {isa = PBXFileReference; fileEncoding = 4; lastKnownFileType = sourcecode.c.h; path = "UIWindow+SAPExtensions.h"; sourceTree = "<group>"; };
		5E2360381E1BD26200C68F86 /* UIWindow+SAPExtensions.m */ = {isa = PBXFileReference; fileEncoding = 4; lastKnownFileType = sourcecode.c.objc; path = "UIWindow+SAPExtensions.m"; sourceTree = "<group>"; };
		5E2360401E1BD3DE00C68F86 /* SAPChaptersViewController.h */ = {isa = PBXFileReference; fileEncoding = 4; lastKnownFileType = sourcecode.c.h; path = SAPChaptersViewController.h; sourceTree = "<group>"; };
		5E2360411E1BD3DE00C68F86 /* SAPChaptersViewController.m */ = {isa = PBXFileReference; fileEncoding = 4; lastKnownFileType = sourcecode.c.objc; path = SAPChaptersViewController.m; sourceTree = "<group>"; };
		5E2360421E1BD3DE00C68F86 /* SAPChaptersViewController.xib */ = {isa = PBXFileReference; fileEncoding = 4; lastKnownFileType = file.xib; path = SAPChaptersViewController.xib; sourceTree = "<group>"; };
		5E2360451E1BDC5200C68F86 /* GoogleService-Info.plist */ = {isa = PBXFileReference; fileEncoding = 4; lastKnownFileType = text.plist.xml; path = "GoogleService-Info.plist"; sourceTree = "<group>"; };
		5E4A2EA41E1CD23200401B62 /* SAPChapterViewController.h */ = {isa = PBXFileReference; fileEncoding = 4; lastKnownFileType = sourcecode.c.h; path = SAPChapterViewController.h; sourceTree = "<group>"; };
		5E4A2EA51E1CD23200401B62 /* SAPChapterViewController.m */ = {isa = PBXFileReference; fileEncoding = 4; lastKnownFileType = sourcecode.c.objc; path = SAPChapterViewController.m; sourceTree = "<group>"; };
		5E4A2EA61E1CD23200401B62 /* SAPChapterViewController.xib */ = {isa = PBXFileReference; fileEncoding = 4; lastKnownFileType = file.xib; path = SAPChapterViewController.xib; sourceTree = "<group>"; };
		5E4A2EAA1E1CD2D500401B62 /* SAPChapter.h */ = {isa = PBXFileReference; fileEncoding = 4; lastKnownFileType = sourcecode.c.h; path = SAPChapter.h; sourceTree = "<group>"; };
		5E4A2EAB1E1CD2D500401B62 /* SAPChapter.m */ = {isa = PBXFileReference; fileEncoding = 4; lastKnownFileType = sourcecode.c.objc; path = SAPChapter.m; sourceTree = "<group>"; };
		5E4A2EAD1E1CD8F400401B62 /* SAPChapterView.h */ = {isa = PBXFileReference; fileEncoding = 4; lastKnownFileType = sourcecode.c.h; path = SAPChapterView.h; sourceTree = "<group>"; };
		5E4A2EAE1E1CD8F400401B62 /* SAPChapterView.m */ = {isa = PBXFileReference; fileEncoding = 4; lastKnownFileType = sourcecode.c.objc; path = SAPChapterView.m; sourceTree = "<group>"; };
		5E4A2EB21E1CEDE000401B62 /* SAPChapterCell.h */ = {isa = PBXFileReference; fileEncoding = 4; lastKnownFileType = sourcecode.c.h; path = SAPChapterCell.h; sourceTree = "<group>"; };
		5E4A2EB31E1CEDE000401B62 /* SAPChapterCell.m */ = {isa = PBXFileReference; fileEncoding = 4; lastKnownFileType = sourcecode.c.objc; path = SAPChapterCell.m; sourceTree = "<group>"; };
		5E4A2EB41E1CEDE000401B62 /* SAPChapterCell.xib */ = {isa = PBXFileReference; fileEncoding = 4; lastKnownFileType = file.xib; path = SAPChapterCell.xib; sourceTree = "<group>"; };
		5E4A2EB81E1CF43100401B62 /* UINib+SAPExtensions.h */ = {isa = PBXFileReference; fileEncoding = 4; lastKnownFileType = sourcecode.c.h; path = "UINib+SAPExtensions.h"; sourceTree = "<group>"; };
		5E4A2EB91E1CF43100401B62 /* UINib+SAPExtensions.m */ = {isa = PBXFileReference; fileEncoding = 4; lastKnownFileType = sourcecode.c.objc; path = "UINib+SAPExtensions.m"; sourceTree = "<group>"; };
		5E4A2EC21E1CF46F00401B62 /* SAPTableViewCell.h */ = {isa = PBXFileReference; fileEncoding = 4; lastKnownFileType = sourcecode.c.h; path = SAPTableViewCell.h; sourceTree = "<group>"; };
		5E4A2EC31E1CF46F00401B62 /* SAPTableViewCell.m */ = {isa = PBXFileReference; fileEncoding = 4; lastKnownFileType = sourcecode.c.objc; path = SAPTableViewCell.m; sourceTree = "<group>"; };
		B2DC07015325CA295AEF1A41 /* Pods-TestFirebase.debug.xcconfig */ = {isa = PBXFileReference; includeInIndex = 1; lastKnownFileType = text.xcconfig; name = "Pods-TestFirebase.debug.xcconfig"; path = "Pods/Target Support Files/Pods-TestFirebase/Pods-TestFirebase.debug.xcconfig"; sourceTree = "<group>"; };
		B36279B8CDC10B41D70FE15E /* Pods-TestFirebase.release.xcconfig */ = {isa = PBXFileReference; includeInIndex = 1; lastKnownFileType = text.xcconfig; name = "Pods-TestFirebase.release.xcconfig"; path = "Pods/Target Support Files/Pods-TestFirebase/Pods-TestFirebase.release.xcconfig"; sourceTree = "<group>"; };
/* End PBXFileReference section */

/* Begin PBXFrameworksBuildPhase section */
		5E2360131E1BCF4800C68F86 /* Frameworks */ = {
			isa = PBXFrameworksBuildPhase;
			buildActionMask = 2147483647;
			files = (
				ADA2B0F2641DB720CF7AF0CD /* libPods-TestFirebase.a in Frameworks */,
			);
			runOnlyForDeploymentPostprocessing = 0;
		};
/* End PBXFrameworksBuildPhase section */

/* Begin PBXGroup section */
		28C24466BA4DE8F361D52F4A /* Pods */ = {
			isa = PBXGroup;
			children = (
				B2DC07015325CA295AEF1A41 /* Pods-TestFirebase.debug.xcconfig */,
				B36279B8CDC10B41D70FE15E /* Pods-TestFirebase.release.xcconfig */,
			);
			name = Pods;
			sourceTree = "<group>";
		};
		5E23600D1E1BCF4800C68F86 = {
			isa = PBXGroup;
			children = (
				5E2360181E1BCF4800C68F86 /* TestFirebase */,
				5E2360311E1BD16300C68F86 /* Source */,
				5E2360301E1BD12D00C68F86 /* Resources */,
				5E2360171E1BCF4800C68F86 /* Products */,
				28C24466BA4DE8F361D52F4A /* Pods */,
				7CC7FFB3586147296808AD1B /* Frameworks */,
			);
			sourceTree = "<group>";
			tabWidth = 4;
		};
		5E2360171E1BCF4800C68F86 /* Products */ = {
			isa = PBXGroup;
			children = (
				5E2360161E1BCF4800C68F86 /* TestFirebase.app */,
			);
			name = Products;
			sourceTree = "<group>";
		};
		5E2360181E1BCF4800C68F86 /* TestFirebase */ = {
			isa = PBXGroup;
			children = (
				5E23601C1E1BCF4800C68F86 /* SAPAppDelegate.h */,
				5E23601D1E1BCF4800C68F86 /* SAPAppDelegate.m */,
				5E2360271E1BCF4800C68F86 /* LaunchScreen.storyboard */,
				5E23602A1E1BCF4800C68F86 /* Info.plist */,
				5E2360451E1BDC5200C68F86 /* GoogleService-Info.plist */,
				5E23601A1E1BCF4800C68F86 /* main.m */,
			);
			path = TestFirebase;
			sourceTree = "<group>";
		};
		5E2360301E1BD12D00C68F86 /* Resources */ = {
			isa = PBXGroup;
			children = (
				5E2360251E1BCF4800C68F86 /* Assets.xcassets */,
			);
			path = Resources;
			sourceTree = "<group>";
		};
		5E2360311E1BD16300C68F86 /* Source */ = {
			isa = PBXGroup;
			children = (
				5E2360321E1BD1A200C68F86 /* UI */,
				5E2360341E1BD23200C68F86 /* Library */,
				5E4A2EA91E1CD2A700401B62 /* Models */,
			);
			path = Source;
			sourceTree = "<group>";
		};
		5E2360321E1BD1A200C68F86 /* UI */ = {
			isa = PBXGroup;
			children = (
				5E23603A1E1BD37A00C68F86 /* SAPChaptersViewController */,
				5E4A2EA31E1CD21400401B62 /* SAPChapterViewController */,
			);
			path = UI;
			sourceTree = "<group>";
		};
		5E2360341E1BD23200C68F86 /* Library */ = {
			isa = PBXGroup;
			children = (
				5E2360351E1BD23200C68F86 /* Categories */,
				5E4A2EC01E1CF46F00401B62 /* Classes */,
			);
			path = Library;
			sourceTree = "<group>";
		};
		5E2360351E1BD23200C68F86 /* Categories */ = {
			isa = PBXGroup;
			children = (
				5E4A2EB71E1CF43100401B62 /* UINib */,
				5E2360361E1BD26200C68F86 /* UIWindow */,
			);
			path = Categories;
			sourceTree = "<group>";
		};
		5E2360361E1BD26200C68F86 /* UIWindow */ = {
			isa = PBXGroup;
			children = (
				5E2360371E1BD26200C68F86 /* UIWindow+SAPExtensions.h */,
				5E2360381E1BD26200C68F86 /* UIWindow+SAPExtensions.m */,
			);
			path = UIWindow;
			sourceTree = "<group>";
		};
		5E23603A1E1BD37A00C68F86 /* SAPChaptersViewController */ = {
			isa = PBXGroup;
			children = (
				5E2360401E1BD3DE00C68F86 /* SAPChaptersViewController.h */,
				5E2360411E1BD3DE00C68F86 /* SAPChaptersViewController.m */,
				5E2360421E1BD3DE00C68F86 /* SAPChaptersViewController.xib */,
				5E4A2EB01E1CED9300401B62 /* Views */,
			);
			path = SAPChaptersViewController;
			sourceTree = "<group>";
		};
		5E4A2EA31E1CD21400401B62 /* SAPChapterViewController */ = {
			isa = PBXGroup;
			children = (
				5E4A2EA41E1CD23200401B62 /* SAPChapterViewController.h */,
				5E4A2EA51E1CD23200401B62 /* SAPChapterViewController.m */,
				5E4A2EA61E1CD23200401B62 /* SAPChapterViewController.xib */,
				5E4A2EAD1E1CD8F400401B62 /* SAPChapterView.h */,
				5E4A2EAE1E1CD8F400401B62 /* SAPChapterView.m */,
			);
			path = SAPChapterViewController;
			sourceTree = "<group>";
		};
		5E4A2EA91E1CD2A700401B62 /* Models */ = {
			isa = PBXGroup;
			children = (
				5E4A2EAA1E1CD2D500401B62 /* SAPChapter.h */,
				5E4A2EAB1E1CD2D500401B62 /* SAPChapter.m */,
			);
			path = Models;
			sourceTree = "<group>";
		};
		5E4A2EB01E1CED9300401B62 /* Views */ = {
			isa = PBXGroup;
			children = (
				5E4A2EB11E1CEDB600401B62 /* SAPChapterCell */,
			);
			path = Views;
			sourceTree = "<group>";
		};
		5E4A2EB11E1CEDB600401B62 /* SAPChapterCell */ = {
			isa = PBXGroup;
			children = (
				5E4A2EB21E1CEDE000401B62 /* SAPChapterCell.h */,
				5E4A2EB31E1CEDE000401B62 /* SAPChapterCell.m */,
				5E4A2EB41E1CEDE000401B62 /* SAPChapterCell.xib */,
			);
			path = SAPChapterCell;
			sourceTree = "<group>";
		};
		5E4A2EB71E1CF43100401B62 /* UINib */ = {
			isa = PBXGroup;
			children = (
				5E4A2EB81E1CF43100401B62 /* UINib+SAPExtensions.h */,
				5E4A2EB91E1CF43100401B62 /* UINib+SAPExtensions.m */,
			);
			path = UINib;
			sourceTree = "<group>";
		};
		5E4A2EC01E1CF46F00401B62 /* Classes */ = {
			isa = PBXGroup;
			children = (
				5E4A2EC11E1CF46F00401B62 /* SAPTableViewCell */,
			);
			path = Classes;
			sourceTree = "<group>";
		};
		5E4A2EC11E1CF46F00401B62 /* SAPTableViewCell */ = {
			isa = PBXGroup;
			children = (
				5E4A2EC21E1CF46F00401B62 /* SAPTableViewCell.h */,
				5E4A2EC31E1CF46F00401B62 /* SAPTableViewCell.m */,
			);
			path = SAPTableViewCell;
			sourceTree = "<group>";
		};
		7CC7FFB3586147296808AD1B /* Frameworks */ = {
			isa = PBXGroup;
			children = (
				2D6E7E2A5110C5B151CDB460 /* libPods-TestFirebase.a */,
			);
			name = Frameworks;
			sourceTree = "<group>";
		};
/* End PBXGroup section */

/* Begin PBXNativeTarget section */
		5E2360151E1BCF4800C68F86 /* TestFirebase */ = {
			isa = PBXNativeTarget;
			buildConfigurationList = 5E23602D1E1BCF4800C68F86 /* Build configuration list for PBXNativeTarget "TestFirebase" */;
			buildPhases = (
				1721AFED529687D0EF457A4C /* [CP] Check Pods Manifest.lock */,
				5E2360121E1BCF4800C68F86 /* Sources */,
				5E2360131E1BCF4800C68F86 /* Frameworks */,
				5E2360141E1BCF4800C68F86 /* Resources */,
				90170BB51D901923C1BA3CDA /* [CP] Embed Pods Frameworks */,
				9230C1727866574F698531A4 /* [CP] Copy Pods Resources */,
			);
			buildRules = (
			);
			dependencies = (
			);
			name = TestFirebase;
			productName = TestFirebase;
			productReference = 5E2360161E1BCF4800C68F86 /* TestFirebase.app */;
			productType = "com.apple.product-type.application";
		};
/* End PBXNativeTarget section */

/* Begin PBXProject section */
		5E23600E1E1BCF4800C68F86 /* Project object */ = {
			isa = PBXProject;
			attributes = {
				CLASSPREFIX = SAP;
				LastUpgradeCheck = 0810;
				ORGANIZATIONNAME = SAP;
				TargetAttributes = {
					5E2360151E1BCF4800C68F86 = {
						CreatedOnToolsVersion = 8.1;
						ProvisioningStyle = Automatic;
					};
				};
			};
			buildConfigurationList = 5E2360111E1BCF4800C68F86 /* Build configuration list for PBXProject "TestFirebase" */;
			compatibilityVersion = "Xcode 3.2";
			developmentRegion = English;
			hasScannedForEncodings = 0;
			knownRegions = (
				en,
				Base,
			);
			mainGroup = 5E23600D1E1BCF4800C68F86;
			productRefGroup = 5E2360171E1BCF4800C68F86 /* Products */;
			projectDirPath = "";
			projectRoot = "";
			targets = (
				5E2360151E1BCF4800C68F86 /* TestFirebase */,
			);
		};
/* End PBXProject section */

/* Begin PBXResourcesBuildPhase section */
		5E2360141E1BCF4800C68F86 /* Resources */ = {
			isa = PBXResourcesBuildPhase;
			buildActionMask = 2147483647;
			files = (
				5E4A2EA81E1CD23200401B62 /* SAPChapterViewController.xib in Resources */,
				5E2360291E1BCF4800C68F86 /* LaunchScreen.storyboard in Resources */,
				5E2360461E1BDC5200C68F86 /* GoogleService-Info.plist in Resources */,
				5E2360441E1BD3DE00C68F86 /* SAPChaptersViewController.xib in Resources */,
				5E4A2EB61E1CEDE000401B62 /* SAPChapterCell.xib in Resources */,
				5E2360261E1BCF4800C68F86 /* Assets.xcassets in Resources */,
			);
			runOnlyForDeploymentPostprocessing = 0;
		};
/* End PBXResourcesBuildPhase section */

/* Begin PBXShellScriptBuildPhase section */
		1721AFED529687D0EF457A4C /* [CP] Check Pods Manifest.lock */ = {
			isa = PBXShellScriptBuildPhase;
			buildActionMask = 2147483647;
			files = (
			);
			inputPaths = (
			);
			name = "[CP] Check Pods Manifest.lock";
			outputPaths = (
			);
			runOnlyForDeploymentPostprocessing = 0;
			shellPath = /bin/sh;
			shellScript = "diff \"${PODS_ROOT}/../Podfile.lock\" \"${PODS_ROOT}/Manifest.lock\" > /dev/null\nif [ $? != 0 ] ; then\n    # print error to STDERR\n    echo \"error: The sandbox is not in sync with the Podfile.lock. Run 'pod install' or update your CocoaPods installation.\" >&2\n    exit 1\nfi\n";
			showEnvVarsInLog = 0;
		};
		90170BB51D901923C1BA3CDA /* [CP] Embed Pods Frameworks */ = {
			isa = PBXShellScriptBuildPhase;
			buildActionMask = 2147483647;
			files = (
			);
			inputPaths = (
			);
			name = "[CP] Embed Pods Frameworks";
			outputPaths = (
			);
			runOnlyForDeploymentPostprocessing = 0;
			shellPath = /bin/sh;
			shellScript = "\"${SRCROOT}/Pods/Target Support Files/Pods-TestFirebase/Pods-TestFirebase-frameworks.sh\"\n";
			showEnvVarsInLog = 0;
		};
		9230C1727866574F698531A4 /* [CP] Copy Pods Resources */ = {
			isa = PBXShellScriptBuildPhase;
			buildActionMask = 2147483647;
			files = (
			);
			inputPaths = (
			);
			name = "[CP] Copy Pods Resources";
			outputPaths = (
			);
			runOnlyForDeploymentPostprocessing = 0;
			shellPath = /bin/sh;
			shellScript = "\"${SRCROOT}/Pods/Target Support Files/Pods-TestFirebase/Pods-TestFirebase-resources.sh\"\n";
			showEnvVarsInLog = 0;
		};
/* End PBXShellScriptBuildPhase section */

/* Begin PBXSourcesBuildPhase section */
		5E2360121E1BCF4800C68F86 /* Sources */ = {
			isa = PBXSourcesBuildPhase;
			buildActionMask = 2147483647;
			files = (
				5E2360391E1BD26200C68F86 /* UIWindow+SAPExtensions.m in Sources */,
				5E4A2EAF1E1CD8F400401B62 /* SAPChapterView.m in Sources */,
				5E4A2EA71E1CD23200401B62 /* SAPChapterViewController.m in Sources */,
				5E23601E1E1BCF4800C68F86 /* SAPAppDelegate.m in Sources */,
				5E23601B1E1BCF4800C68F86 /* main.m in Sources */,
				5E4A2EAC1E1CD2D500401B62 /* SAPChapter.m in Sources */,
				5E4A2EC41E1CF46F00401B62 /* SAPTableViewCell.m in Sources */,
				5E4A2EB51E1CEDE000401B62 /* SAPChapterCell.m in Sources */,
				5E4A2EBA1E1CF43100401B62 /* UINib+SAPExtensions.m in Sources */,
				5E2360431E1BD3DE00C68F86 /* SAPChaptersViewController.m in Sources */,
			);
			runOnlyForDeploymentPostprocessing = 0;
		};
/* End PBXSourcesBuildPhase section */

/* Begin PBXVariantGroup section */
		5E2360271E1BCF4800C68F86 /* LaunchScreen.storyboard */ = {
			isa = PBXVariantGroup;
			children = (
				5E2360281E1BCF4800C68F86 /* Base */,
			);
			name = LaunchScreen.storyboard;
			sourceTree = "<group>";
		};
/* End PBXVariantGroup section */

/* Begin XCBuildConfiguration section */
		5E23602B1E1BCF4800C68F86 /* Debug */ = {
			isa = XCBuildConfiguration;
			buildSettings = {
				ALWAYS_SEARCH_USER_PATHS = NO;
				CLANG_ANALYZER_NONNULL = YES;
				CLANG_CXX_LANGUAGE_STANDARD = "gnu++0x";
				CLANG_CXX_LIBRARY = "libc++";
				CLANG_ENABLE_MODULES = YES;
				CLANG_ENABLE_OBJC_ARC = YES;
				CLANG_WARN_BOOL_CONVERSION = YES;
				CLANG_WARN_CONSTANT_CONVERSION = YES;
				CLANG_WARN_DIRECT_OBJC_ISA_USAGE = YES_ERROR;
				CLANG_WARN_DOCUMENTATION_COMMENTS = YES;
				CLANG_WARN_EMPTY_BODY = YES;
				CLANG_WARN_ENUM_CONVERSION = YES;
				CLANG_WARN_INFINITE_RECURSION = YES;
				CLANG_WARN_INT_CONVERSION = YES;
				CLANG_WARN_OBJC_ROOT_CLASS = YES_ERROR;
				CLANG_WARN_SUSPICIOUS_MOVES = YES;
				CLANG_WARN_UNREACHABLE_CODE = YES;
				CLANG_WARN__DUPLICATE_METHOD_MATCH = YES;
				"CODE_SIGN_IDENTITY[sdk=iphoneos*]" = "iPhone Developer";
				COPY_PHASE_STRIP = NO;
				DEBUG_INFORMATION_FORMAT = dwarf;
				ENABLE_STRICT_OBJC_MSGSEND = YES;
				ENABLE_TESTABILITY = YES;
				GCC_C_LANGUAGE_STANDARD = gnu99;
				GCC_DYNAMIC_NO_PIC = NO;
				GCC_NO_COMMON_BLOCKS = YES;
				GCC_OPTIMIZATION_LEVEL = 0;
				GCC_PREPROCESSOR_DEFINITIONS = (
					"DEBUG=1",
					"$(inherited)",
				);
				GCC_WARN_64_TO_32_BIT_CONVERSION = YES;
				GCC_WARN_ABOUT_RETURN_TYPE = YES_ERROR;
				GCC_WARN_UNDECLARED_SELECTOR = YES;
				GCC_WARN_UNINITIALIZED_AUTOS = YES_AGGRESSIVE;
				GCC_WARN_UNUSED_FUNCTION = YES;
				GCC_WARN_UNUSED_VARIABLE = YES;
				IPHONEOS_DEPLOYMENT_TARGET = 10.1;
				MTL_ENABLE_DEBUG_INFO = YES;
				ONLY_ACTIVE_ARCH = YES;
				SDKROOT = iphoneos;
				TARGETED_DEVICE_FAMILY = "1,2";
			};
			name = Debug;
		};
		5E23602C1E1BCF4800C68F86 /* Release */ = {
			isa = XCBuildConfiguration;
			buildSettings = {
				ALWAYS_SEARCH_USER_PATHS = NO;
				CLANG_ANALYZER_NONNULL = YES;
				CLANG_CXX_LANGUAGE_STANDARD = "gnu++0x";
				CLANG_CXX_LIBRARY = "libc++";
				CLANG_ENABLE_MODULES = YES;
				CLANG_ENABLE_OBJC_ARC = YES;
				CLANG_WARN_BOOL_CONVERSION = YES;
				CLANG_WARN_CONSTANT_CONVERSION = YES;
				CLANG_WARN_DIRECT_OBJC_ISA_USAGE = YES_ERROR;
				CLANG_WARN_DOCUMENTATION_COMMENTS = YES;
				CLANG_WARN_EMPTY_BODY = YES;
				CLANG_WARN_ENUM_CONVERSION = YES;
				CLANG_WARN_INFINITE_RECURSION = YES;
				CLANG_WARN_INT_CONVERSION = YES;
				CLANG_WARN_OBJC_ROOT_CLASS = YES_ERROR;
				CLANG_WARN_SUSPICIOUS_MOVES = YES;
				CLANG_WARN_UNREACHABLE_CODE = YES;
				CLANG_WARN__DUPLICATE_METHOD_MATCH = YES;
				"CODE_SIGN_IDENTITY[sdk=iphoneos*]" = "iPhone Developer";
				COPY_PHASE_STRIP = NO;
				DEBUG_INFORMATION_FORMAT = "dwarf-with-dsym";
				ENABLE_NS_ASSERTIONS = NO;
				ENABLE_STRICT_OBJC_MSGSEND = YES;
				GCC_C_LANGUAGE_STANDARD = gnu99;
				GCC_NO_COMMON_BLOCKS = YES;
				GCC_WARN_64_TO_32_BIT_CONVERSION = YES;
				GCC_WARN_ABOUT_RETURN_TYPE = YES_ERROR;
				GCC_WARN_UNDECLARED_SELECTOR = YES;
				GCC_WARN_UNINITIALIZED_AUTOS = YES_AGGRESSIVE;
				GCC_WARN_UNUSED_FUNCTION = YES;
				GCC_WARN_UNUSED_VARIABLE = YES;
				IPHONEOS_DEPLOYMENT_TARGET = 10.1;
				MTL_ENABLE_DEBUG_INFO = NO;
				SDKROOT = iphoneos;
				TARGETED_DEVICE_FAMILY = "1,2";
				VALIDATE_PRODUCT = YES;
			};
			name = Release;
		};
		5E23602E1E1BCF4800C68F86 /* Debug */ = {
			isa = XCBuildConfiguration;
			baseConfigurationReference = B2DC07015325CA295AEF1A41 /* Pods-TestFirebase.debug.xcconfig */;
			buildSettings = {
				ASSETCATALOG_COMPILER_APPICON_NAME = AppIcon;
				INFOPLIST_FILE = TestFirebase/Info.plist;
				LD_RUNPATH_SEARCH_PATHS = "$(inherited) @executable_path/Frameworks";
				PRODUCT_BUNDLE_IDENTIFIER = SAP.TestFirebase;
				PRODUCT_NAME = "$(TARGET_NAME)";
			};
			name = Debug;
		};
		5E23602F1E1BCF4800C68F86 /* Release */ = {
			isa = XCBuildConfiguration;
			baseConfigurationReference = B36279B8CDC10B41D70FE15E /* Pods-TestFirebase.release.xcconfig */;
			buildSettings = {
				ASSETCATALOG_COMPILER_APPICON_NAME = AppIcon;
				INFOPLIST_FILE = TestFirebase/Info.plist;
				LD_RUNPATH_SEARCH_PATHS = "$(inherited) @executable_path/Frameworks";
				PRODUCT_BUNDLE_IDENTIFIER = SAP.TestFirebase;
				PRODUCT_NAME = "$(TARGET_NAME)";
			};
			name = Release;
		};
/* End XCBuildConfiguration section */

/* Begin XCConfigurationList section */
		5E2360111E1BCF4800C68F86 /* Build configuration list for PBXProject "TestFirebase" */ = {
			isa = XCConfigurationList;
			buildConfigurations = (
				5E23602B1E1BCF4800C68F86 /* Debug */,
				5E23602C1E1BCF4800C68F86 /* Release */,
			);
			defaultConfigurationIsVisible = 0;
			defaultConfigurationName = Release;
		};
		5E23602D1E1BCF4800C68F86 /* Build configuration list for PBXNativeTarget "TestFirebase" */ = {
			isa = XCConfigurationList;
			buildConfigurations = (
				5E23602E1E1BCF4800C68F86 /* Debug */,
				5E23602F1E1BCF4800C68F86 /* Release */,
			);
			defaultConfigurationIsVisible = 0;
			defaultConfigurationName = Release;
		};
/* End XCConfigurationList section */
	};
	rootObject = 5E23600E1E1BCF4800C68F86 /* Project object */;
}
